# What host/sh/dist/bat_sh.wasm is: crates/bat-sh of this repository (host/sh/build.sh --record rewrites this file)
tree=3d7bad07fc4095c0bd1fb113706ab20b60f34f3b
built-at=/home/kkrausse/devfs/repos/kkrausse/browser-agent-toolkit-wasm-term
sha256=67ab67cf285bd4452ad61406a58f825dfe8254e8c6574539203738375aff40a5
size=857471
rustc=rustc 1.99.0 (b940084d7 2026-09-28)
